PODS:
  - Alamofire (3.2.0)
  - Interceptor (1.0.0)
  - Nimble (3.1.0)
  - Quick (0.9.1)

DEPENDENCIES:
  - Alamofire
  - Interceptor
  - Nimble
  - Quick

SPEC CHECKSUMS:
  Alamofire: 4da478599fccddff361205c8929333d7fe18dceb
  Interceptor: 3c164ebf05a8337daa3fbeeaee5a1f7d203c3543
  Nimble: 79d40f4d69d47314229bbabacaa02b8838c779b9
  Quick: a5221fc21788b6aeda934805e68b061839bc3165

PODFILE CHECKSUM: 78357d0bd4c400c3cccf7d124efdb9a774c1d8ff

COCOAPODS: 1.0.0.beta.3
