PODS:
  - Alamofire (3.2.0)
  - Nimble (3.1.0)
  - Quick (0.9.1)

DEPENDENCIES:
  - Alamofire
  - Nimble
  - Quick

SPEC CHECKSUMS:
  Alamofire: 4da478599fccddff361205c8929333d7fe18dceb
  Nimble: 79d40f4d69d47314229bbabacaa02b8838c779b9
  Quick: a5221fc21788b6aeda934805e68b061839bc3165

PODFILE CHECKSUM: 1be4c69ecc6377aab74d5533762c3275392d7171

COCOAPODS: 1.0.0.beta.3
