// !$*UTF8*$!
{
	archiveVersion = 1;
	classes = {
	};
	objectVersion = 46;
	objects = {

/* Begin PBXBuildFile section */
		23AA2A7BD74E0D74D46EAFED /* Pods_TestAppTests.framework in Frameworks */ = {isa = PBXBuildFile; fileRef = 432C7BD579233C944403601A /* Pods_TestAppTests.framework */; };
		850353531C6EBE860081657F /* TestAppSpec.swift in Sources */ = {isa = PBXBuildFile; fileRef = 850353521C6EBE860081657F /* TestAppSpec.swift */; };
		850353541C6EBFC20081657F /* Interceptor.framework in Frameworks */ = {isa = PBXBuildFile; fileRef = 85915BBB1C6EBAAE00216861 /* Interceptor.framework */; };
		850353591C6EC0010081657F /* NSURLSession+Swizzling.h in Headers */ = {isa = PBXBuildFile; fileRef = 850353571C6EC0010081657F /* NSURLSession+Swizzling.h */; };
		85915BBF1C6EBAAE00216861 /* InterceptorSession.h in Headers */ = {isa = PBXBuildFile; fileRef = 85915BBE1C6EBAAE00216861 /* InterceptorSession.h */; settings = {ATTRIBUTES = (Public, ); }; };
		85915BC61C6EBAAE00216861 /* Interceptor.framework in Frameworks */ = {isa = PBXBuildFile; fileRef = 85915BBB1C6EBAAE00216861 /* Interceptor.framework */; };
		85915BCB1C6EBAAE00216861 /* InterceptorTests.swift in Sources */ = {isa = PBXBuildFile; fileRef = 85915BCA1C6EBAAE00216861 /* InterceptorTests.swift */; };
		85915BDC1C6EBAD200216861 /* AppDelegate.swift in Sources */ = {isa = PBXBuildFile; fileRef = 85915BDB1C6EBAD200216861 /* AppDelegate.swift */; };
		85915BDE1C6EBAD200216861 /* ViewController.swift in Sources */ = {isa = PBXBuildFile; fileRef = 85915BDD1C6EBAD200216861 /* ViewController.swift */; };
		85915BE11C6EBAD200216861 /* Main.storyboard in Resources */ = {isa = PBXBuildFile; fileRef = 85915BDF1C6EBAD200216861 /* Main.storyboard */; };
		85915BE31C6EBAD200216861 /* Assets.xcassets in Resources */ = {isa = PBXBuildFile; fileRef = 85915BE21C6EBAD200216861 /* Assets.xcassets */; };
		85915BE61C6EBAD200216861 /* LaunchScreen.storyboard in Resources */ = {isa = PBXBuildFile; fileRef = 85915BE41C6EBAD200216861 /* LaunchScreen.storyboard */; };
		85915BFA1C6EBB7D00216861 /* NetworkModel.swift in Sources */ = {isa = PBXBuildFile; fileRef = 85915BF91C6EBB7D00216861 /* NetworkModel.swift */; };
		85D294B11C71AC870002B48A /* InterceptorSession.swift in Sources */ = {isa = PBXBuildFile; fileRef = 85D294AD1C6F235A0002B48A /* InterceptorSession.swift */; };
		85D294B21C71AC8B0002B48A /* MockResponseValues.swift in Sources */ = {isa = PBXBuildFile; fileRef = 8503535F1C6ED9070081657F /* MockResponseValues.swift */; };
		85D294B31C71AC8F0002B48A /* NSURLSession+Swizzling.m in Sources */ = {isa = PBXBuildFile; fileRef = 850353581C6EC0010081657F /* NSURLSession+Swizzling.m */; };
		A98F44B985FFB1C1C8E75BA0 /* Pods_InterceptorTests.framework in Frameworks */ = {isa = PBXBuildFile; fileRef = 8ED9482F789C4D208C18202D /* Pods_InterceptorTests.framework */; };
		E059021928D3611A351B91D7 /* Pods_TestApp.framework in Frameworks */ = {isa = PBXBuildFile; fileRef = C8B0AD5F52B750BE7FA5099C /* Pods_TestApp.framework */; };
/* End PBXBuildFile section */

/* Begin PBXContainerItemProxy section */
		850353551C6EBFD20081657F /* PBXContainerItemProxy */ = {
			isa = PBXContainerItemProxy;
			containerPortal = 85915BB21C6EBAAE00216861 /* Project object */;
			proxyType = 1;
			remoteGlobalIDString = 85915BBA1C6EBAAE00216861;
			remoteInfo = MockURLSession;
		};
		85915BC71C6EBAAE00216861 /* PBXContainerItemProxy */ = {
			isa = PBXContainerItemProxy;
			containerPortal = 85915BB21C6EBAAE00216861 /* Project object */;
			proxyType = 1;
			remoteGlobalIDString = 85915BBA1C6EBAAE00216861;
			remoteInfo = MockURLSession;
		};
		85915BED1C6EBAD200216861 /* PBXContainerItemProxy */ = {
			isa = PBXContainerItemProxy;
			containerPortal = 85915BB21C6EBAAE00216861 /* Project object */;
			proxyType = 1;
			remoteGlobalIDString = 85915BD81C6EBAD200216861;
			remoteInfo = TestApp;
		};
/* End PBXContainerItemProxy section */

/* Begin PBXFileReference section */
		11095B92EF14F8FBD195C29D /* Pods-InterceptorTests.debug.xcconfig */ = {isa = PBXFileReference; includeInIndex = 1; lastKnownFileType = text.xcconfig; name = "Pods-InterceptorTests.debug.xcconfig"; path = "Pods/Target Support Files/Pods-InterceptorTests/Pods-InterceptorTests.debug.xcconfig"; sourceTree = "<group>"; };
		20489F54F5375A251D32D57D /* Pods-TestAppTests.release.xcconfig */ = {isa = PBXFileReference; includeInIndex = 1; lastKnownFileType = text.xcconfig; name = "Pods-TestAppTests.release.xcconfig"; path = "Pods/Target Support Files/Pods-TestAppTests/Pods-TestAppTests.release.xcconfig"; sourceTree = "<group>"; };
		432C7BD579233C944403601A /* Pods_TestAppTests.framework */ = {isa = PBXFileReference; explicitFileType = wrapper.framework; includeInIndex = 0; path = Pods_TestAppTests.framework; sourceTree = BUILT_PRODUCTS_DIR; };
		5B1B2D3174E135788FFE1EC5 /* Pods-InterceptorTests.release.xcconfig */ = {isa = PBXFileReference; includeInIndex = 1; lastKnownFileType = text.xcconfig; name = "Pods-InterceptorTests.release.xcconfig"; path = "Pods/Target Support Files/Pods-InterceptorTests/Pods-InterceptorTests.release.xcconfig"; sourceTree = "<group>"; };
		66D7E8CC9E4F2D6478BC2F8F /* Pods-TestAppTests.debug.xcconfig */ = {isa = PBXFileReference; includeInIndex = 1; lastKnownFileType = text.xcconfig; name = "Pods-TestAppTests.debug.xcconfig"; path = "Pods/Target Support Files/Pods-TestAppTests/Pods-TestAppTests.debug.xcconfig"; sourceTree = "<group>"; };
		8299EEA7DBE3C771D997687D /* Pods-TestApp.debug.xcconfig */ = {isa = PBXFileReference; includeInIndex = 1; lastKnownFileType = text.xcconfig; name = "Pods-TestApp.debug.xcconfig"; path = "Pods/Target Support Files/Pods-TestApp/Pods-TestApp.debug.xcconfig"; sourceTree = "<group>"; };
		850353521C6EBE860081657F /* TestAppSpec.swift */ = {isa = PBXFileReference; fileEncoding = 4; lastKnownFileType = sourcecode.swift; lineEnding = 0; path = TestAppSpec.swift; sourceTree = "<group>"; xcLanguageSpecificationIdentifier = xcode.lang.swift; };
		850353571C6EC0010081657F /* NSURLSession+Swizzling.h */ = {isa = PBXFileReference; fileEncoding = 4; lastKnownFileType = sourcecode.c.h; lineEnding = 0; path = "NSURLSession+Swizzling.h"; sourceTree = "<group>"; };
		850353581C6EC0010081657F /* NSURLSession+Swizzling.m */ = {isa = PBXFileReference; fileEncoding = 4; lastKnownFileType = sourcecode.c.objc; lineEnding = 0; path = "NSURLSession+Swizzling.m"; sourceTree = "<group>"; };
		8503535F1C6ED9070081657F /* MockResponseValues.swift */ = {isa = PBXFileReference; fileEncoding = 4; lastKnownFileType = sourcecode.swift; lineEnding = 0; path = MockResponseValues.swift; sourceTree = "<group>"; };
		85915BBB1C6EBAAE00216861 /* Interceptor.framework */ = {isa = PBXFileReference; explicitFileType = wrapper.framework; includeInIndex = 0; path = Interceptor.framework; sourceTree = BUILT_PRODUCTS_DIR; };
		85915BBE1C6EBAAE00216861 /* InterceptorSession.h */ = {isa = PBXFileReference; lastKnownFileType = sourcecode.c.h; lineEnding = 0; path = InterceptorSession.h; sourceTree = "<group>"; xcLanguageSpecificationIdentifier = xcode.lang.objcpp; };
		85915BC01C6EBAAE00216861 /* Info.plist */ = {isa = PBXFileReference; lastKnownFileType = text.plist.xml; path = Info.plist; sourceTree = "<group>"; };
		85915BC51C6EBAAE00216861 /* Interceptor.xctest */ = {isa = PBXFileReference; explicitFileType = wrapper.cfbundle; includeInIndex = 0; path = Interceptor.xctest; sourceTree = BUILT_PRODUCTS_DIR; };
		85915BCA1C6EBAAE00216861 /* InterceptorTests.swift */ = {isa = PBXFileReference; lastKnownFileType = sourcecode.swift; lineEnding = 0; path = InterceptorTests.swift; sourceTree = "<group>"; xcLanguageSpecificationIdentifier = xcode.lang.swift; };
		85915BCC1C6EBAAE00216861 /* Info.plist */ = {isa = PBXFileReference; lastKnownFileType = text.plist.xml; path = Info.plist; sourceTree = "<group>"; };
		85915BD91C6EBAD200216861 /* TestApp.app */ = {isa = PBXFileReference; explicitFileType = wrapper.application; includeInIndex = 0; path = TestApp.app; sourceTree = BUILT_PRODUCTS_DIR; };
		85915BDB1C6EBAD200216861 /* AppDelegate.swift */ = {isa = PBXFileReference; lastKnownFileType = sourcecode.swift; path = AppDelegate.swift; sourceTree = "<group>"; };
		85915BDD1C6EBAD200216861 /* ViewController.swift */ = {isa = PBXFileReference; lastKnownFileType = sourcecode.swift; path = ViewController.swift; sourceTree = "<group>"; };
		85915BE01C6EBAD200216861 /* Base */ = {isa = PBXFileReference; lastKnownFileType = file.storyboard; name = Base; path = Base.lproj/Main.storyboard; sourceTree = "<group>"; };
		85915BE21C6EBAD200216861 /* Assets.xcassets */ = {isa = PBXFileReference; lastKnownFileType = folder.assetcatalog; path = Assets.xcassets; sourceTree = "<group>"; };
		85915BE51C6EBAD200216861 /* Base */ = {isa = PBXFileReference; lastKnownFileType = file.storyboard; name = Base; path = Base.lproj/LaunchScreen.storyboard; sourceTree = "<group>"; };
		85915BE71C6EBAD200216861 /* Info.plist */ = {isa = PBXFileReference; lastKnownFileType = text.plist.xml; path = Info.plist; sourceTree = "<group>"; };
		85915BEC1C6EBAD200216861 /* TestAppTests.xctest */ = {isa = PBXFileReference; explicitFileType = wrapper.cfbundle; includeInIndex = 0; path = TestAppTests.xctest; sourceTree = BUILT_PRODUCTS_DIR; };
		85915BF21C6EBAD200216861 /* Info.plist */ = {isa = PBXFileReference; lastKnownFileType = text.plist.xml; path = Info.plist; sourceTree = "<group>"; };
		85915BF91C6EBB7D00216861 /* NetworkModel.swift */ = {isa = PBXFileReference; fileEncoding = 4; lastKnownFileType = sourcecode.swift; lineEnding = 0; path = NetworkModel.swift; sourceTree = "<group>"; xcLanguageSpecificationIdentifier = xcode.lang.swift; };
		85D294AD1C6F235A0002B48A /* InterceptorSession.swift */ = {isa = PBXFileReference; fileEncoding = 4; lastKnownFileType = sourcecode.swift; lineEnding = 0; path = InterceptorSession.swift; sourceTree = "<group>"; };
		8ED9482F789C4D208C18202D /* Pods_InterceptorTests.framework */ = {isa = PBXFileReference; explicitFileType = wrapper.framework; includeInIndex = 0; path = Pods_InterceptorTests.framework; sourceTree = BUILT_PRODUCTS_DIR; };
		9F25351F39EABB7049ADECCE /* Pods-TestApp.release.xcconfig */ = {isa = PBXFileReference; includeInIndex = 1; lastKnownFileType = text.xcconfig; name = "Pods-TestApp.release.xcconfig"; path = "Pods/Target Support Files/Pods-TestApp/Pods-TestApp.release.xcconfig"; sourceTree = "<group>"; };
		C8B0AD5F52B750BE7FA5099C /* Pods_TestApp.framework */ = {isa = PBXFileReference; explicitFileType = wrapper.framework; includeInIndex = 0; path = Pods_TestApp.framework; sourceTree = BUILT_PRODUCTS_DIR; };
/* End PBXFileReference section */

/* Begin PBXFrameworksBuildPhase section */
		85915BB71C6EBAAE00216861 /* Frameworks */ = {
			isa = PBXFrameworksBuildPhase;
			buildActionMask = 2147483647;
			files = (
			);
			runOnlyForDeploymentPostprocessing = 0;
		};
		85915BC21C6EBAAE00216861 /* Frameworks */ = {
			isa = PBXFrameworksBuildPhase;
			buildActionMask = 2147483647;
			files = (
				85915BC61C6EBAAE00216861 /* Interceptor.framework in Frameworks */,
				A98F44B985FFB1C1C8E75BA0 /* Pods_InterceptorTests.framework in Frameworks */,
			);
			runOnlyForDeploymentPostprocessing = 0;
		};
		85915BD61C6EBAD200216861 /* Frameworks */ = {
			isa = PBXFrameworksBuildPhase;
			buildActionMask = 2147483647;
			files = (
				E059021928D3611A351B91D7 /* Pods_TestApp.framework in Frameworks */,
			);
			runOnlyForDeploymentPostprocessing = 0;
		};
		85915BE91C6EBAD200216861 /* Frameworks */ = {
			isa = PBXFrameworksBuildPhase;
			buildActionMask = 2147483647;
			files = (
				850353541C6EBFC20081657F /* Interceptor.framework in Frameworks */,
				23AA2A7BD74E0D74D46EAFED /* Pods_TestAppTests.framework in Frameworks */,
			);
			runOnlyForDeploymentPostprocessing = 0;
		};
/* End PBXFrameworksBuildPhase section */

/* Begin PBXGroup section */
		48D60554F54F3FCB957BF1AD /* Pods */ = {
			isa = PBXGroup;
			children = (
				11095B92EF14F8FBD195C29D /* Pods-InterceptorTests.debug.xcconfig */,
				5B1B2D3174E135788FFE1EC5 /* Pods-InterceptorTests.release.xcconfig */,
				8299EEA7DBE3C771D997687D /* Pods-TestApp.debug.xcconfig */,
				9F25351F39EABB7049ADECCE /* Pods-TestApp.release.xcconfig */,
				66D7E8CC9E4F2D6478BC2F8F /* Pods-TestAppTests.debug.xcconfig */,
				20489F54F5375A251D32D57D /* Pods-TestAppTests.release.xcconfig */,
			);
			name = Pods;
			sourceTree = "<group>";
		};
		85915BB11C6EBAAE00216861 = {
			isa = PBXGroup;
			children = (
				85915BBD1C6EBAAE00216861 /* Interceptor */,
				85915BC91C6EBAAE00216861 /* InterceptorTests */,
				85915BDA1C6EBAD200216861 /* TestApp */,
				85915BEF1C6EBAD200216861 /* TestAppTests */,
				85915BBC1C6EBAAE00216861 /* Products */,
				48D60554F54F3FCB957BF1AD /* Pods */,
				CEEA17F236D1879C5922B199 /* Frameworks */,
			);
			sourceTree = "<group>";
		};
		85915BBC1C6EBAAE00216861 /* Products */ = {
			isa = PBXGroup;
			children = (
				85915BBB1C6EBAAE00216861 /* Interceptor.framework */,
				85915BC51C6EBAAE00216861 /* Interceptor.xctest */,
				85915BD91C6EBAD200216861 /* TestApp.app */,
				85915BEC1C6EBAD200216861 /* TestAppTests.xctest */,
			);
			name = Products;
			sourceTree = "<group>";
		};
		85915BBD1C6EBAAE00216861 /* Interceptor */ = {
			isa = PBXGroup;
			children = (
				85D294AD1C6F235A0002B48A /* InterceptorSession.swift */,
				8503535F1C6ED9070081657F /* MockResponseValues.swift */,
				850353571C6EC0010081657F /* NSURLSession+Swizzling.h */,
				850353581C6EC0010081657F /* NSURLSession+Swizzling.m */,
				85915BBE1C6EBAAE00216861 /* InterceptorSession.h */,
				85915BC01C6EBAAE00216861 /* Info.plist */,
			);
			path = Interceptor;
			sourceTree = "<group>";
		};
		85915BC91C6EBAAE00216861 /* InterceptorTests */ = {
			isa = PBXGroup;
			children = (
				85915BCA1C6EBAAE00216861 /* InterceptorTests.swift */,
				85915BCC1C6EBAAE00216861 /* Info.plist */,
			);
			path = InterceptorTests;
			sourceTree = "<group>";
		};
		85915BDA1C6EBAD200216861 /* TestApp */ = {
			isa = PBXGroup;
			children = (
				85915BDB1C6EBAD200216861 /* AppDelegate.swift */,
				85915BDD1C6EBAD200216861 /* ViewController.swift */,
				85915BDF1C6EBAD200216861 /* Main.storyboard */,
				85915BE21C6EBAD200216861 /* Assets.xcassets */,
				85915BE41C6EBAD200216861 /* LaunchScreen.storyboard */,
				85915BE71C6EBAD200216861 /* Info.plist */,
				85915BF91C6EBB7D00216861 /* NetworkModel.swift */,
			);
			path = TestApp;
			sourceTree = "<group>";
		};
		85915BEF1C6EBAD200216861 /* TestAppTests */ = {
			isa = PBXGroup;
			children = (
				85915BF21C6EBAD200216861 /* Info.plist */,
				850353521C6EBE860081657F /* TestAppSpec.swift */,
			);
			path = TestAppTests;
			sourceTree = "<group>";
		};
		CEEA17F236D1879C5922B199 /* Frameworks */ = {
			isa = PBXGroup;
			children = (
				8ED9482F789C4D208C18202D /* Pods_InterceptorTests.framework */,
				C8B0AD5F52B750BE7FA5099C /* Pods_TestApp.framework */,
				432C7BD579233C944403601A /* Pods_TestAppTests.framework */,
			);
			name = Frameworks;
			sourceTree = "<group>";
		};
/* End PBXGroup section */

/* Begin PBXHeadersBuildPhase section */
		85915BB81C6EBAAE00216861 /* Headers */ = {
			isa = PBXHeadersBuildPhase;
			buildActionMask = 2147483647;
			files = (
				850353591C6EC0010081657F /* NSURLSession+Swizzling.h in Headers */,
				85915BBF1C6EBAAE00216861 /* InterceptorSession.h in Headers */,
			);
			runOnlyForDeploymentPostprocessing = 0;
		};
/* End PBXHeadersBuildPhase section */

/* Begin PBXNativeTarget section */
		85915BBA1C6EBAAE00216861 /* Interceptor */ = {
			isa = PBXNativeTarget;
			buildConfigurationList = 85915BCF1C6EBAAE00216861 /* Build configuration list for PBXNativeTarget "Interceptor" */;
			buildPhases = (
				85915BB61C6EBAAE00216861 /* Sources */,
				85915BB71C6EBAAE00216861 /* Frameworks */,
				85915BB81C6EBAAE00216861 /* Headers */,
				85915BB91C6EBAAE00216861 /* Resources */,
			);
			buildRules = (
			);
			dependencies = (
			);
			name = Interceptor;
			productName = MockURLSession;
			productReference = 85915BBB1C6EBAAE00216861 /* Interceptor.framework */;
			productType = "com.apple.product-type.framework";
		};
		85915BC41C6EBAAE00216861 /* InterceptorTests */ = {
			isa = PBXNativeTarget;
			buildConfigurationList = 85915BD21C6EBAAE00216861 /* Build configuration list for PBXNativeTarget "InterceptorTests" */;
			buildPhases = (
				669CC670741F8966349738A7 /* Check Pods Manifest.lock */,
				85915BC11C6EBAAE00216861 /* Sources */,
				85915BC21C6EBAAE00216861 /* Frameworks */,
				85915BC31C6EBAAE00216861 /* Resources */,
				6920B4F80CBC97D43E10490B /* Embed Pods Frameworks */,
				4FF67152E590BAB30B3CD6DF /* Copy Pods Resources */,
			);
			buildRules = (
			);
			dependencies = (
				85915BC81C6EBAAE00216861 /* PBXTargetDependency */,
			);
			name = InterceptorTests;
			productName = MockURLSessionTests;
			productReference = 85915BC51C6EBAAE00216861 /* Interceptor.xctest */;
			productType = "com.apple.product-type.bundle.unit-test";
		};
		85915BD81C6EBAD200216861 /* TestApp */ = {
			isa = PBXNativeTarget;
			buildConfigurationList = 85915BF31C6EBAD200216861 /* Build configuration list for PBXNativeTarget "TestApp" */;
			buildPhases = (
				F281257164E5C72ECA96BD15 /* Check Pods Manifest.lock */,
				85915BD51C6EBAD200216861 /* Sources */,
				85915BD61C6EBAD200216861 /* Frameworks */,
				85915BD71C6EBAD200216861 /* Resources */,
				729BC77C2168DE0363FAAA1C /* Embed Pods Frameworks */,
				218D1E88981D70BFB7689334 /* Copy Pods Resources */,
			);
			buildRules = (
			);
			dependencies = (
			);
			name = TestApp;
			productName = TestApp;
			productReference = 85915BD91C6EBAD200216861 /* TestApp.app */;
			productType = "com.apple.product-type.application";
		};
		85915BEB1C6EBAD200216861 /* TestAppTests */ = {
			isa = PBXNativeTarget;
			buildConfigurationList = 85915BF61C6EBAD200216861 /* Build configuration list for PBXNativeTarget "TestAppTests" */;
			buildPhases = (
				FB367690C9B12F4EEB09F263 /* Check Pods Manifest.lock */,
				85915BE81C6EBAD200216861 /* Sources */,
				85915BE91C6EBAD200216861 /* Frameworks */,
				85915BEA1C6EBAD200216861 /* Resources */,
				A3DB9E0FC588A59B9E27E109 /* Embed Pods Frameworks */,
				5DBEF75E20DA888F0D9CF6C0 /* Copy Pods Resources */,
			);
			buildRules = (
			);
			dependencies = (
				850353561C6EBFD20081657F /* PBXTargetDependency */,
				85915BEE1C6EBAD200216861 /* PBXTargetDependency */,
			);
			name = TestAppTests;
			productName = TestAppTests;
			productReference = 85915BEC1C6EBAD200216861 /* TestAppTests.xctest */;
			productType = "com.apple.product-type.bundle.unit-test";
		};
/* End PBXNativeTarget section */

/* Begin PBXProject section */
		85915BB21C6EBAAE00216861 /* Project object */ = {
			isa = PBXProject;
			attributes = {
				LastSwiftUpdateCheck = 0720;
				LastUpgradeCheck = 0720;
				ORGANIZATIONNAME = "Magic App Factory";
				TargetAttributes = {
					85915BBA1C6EBAAE00216861 = {
						CreatedOnToolsVersion = 7.2.1;
					};
					85915BC41C6EBAAE00216861 = {
						CreatedOnToolsVersion = 7.2.1;
					};
					85915BD81C6EBAD200216861 = {
						CreatedOnToolsVersion = 7.2.1;
					};
					85915BEB1C6EBAD200216861 = {
						CreatedOnToolsVersion = 7.2.1;
						TestTargetID = 85915BD81C6EBAD200216861;
					};
				};
			};
			buildConfigurationList = 85915BB51C6EBAAE00216861 /* Build configuration list for PBXProject "Interceptor" */;
			compatibilityVersion = "Xcode 3.2";
			developmentRegion = English;
			hasScannedForEncodings = 0;
			knownRegions = (
				en,
				Base,
			);
			mainGroup = 85915BB11C6EBAAE00216861;
			productRefGroup = 85915BBC1C6EBAAE00216861 /* Products */;
			projectDirPath = "";
			projectRoot = "";
			targets = (
				85915BBA1C6EBAAE00216861 /* Interceptor */,
				85915BC41C6EBAAE00216861 /* InterceptorTests */,
				85915BD81C6EBAD200216861 /* TestApp */,
				85915BEB1C6EBAD200216861 /* TestAppTests */,
			);
		};
/* End PBXProject section */

/* Begin PBXResourcesBuildPhase section */
		85915BB91C6EBAAE00216861 /* Resources */ = {
			isa = PBXResourcesBuildPhase;
			buildActionMask = 2147483647;
			files = (
			);
			runOnlyForDeploymentPostprocessing = 0;
		};
		85915BC31C6EBAAE00216861 /* Resources */ = {
			isa = PBXResourcesBuildPhase;
			buildActionMask = 2147483647;
			files = (
			);
			runOnlyForDeploymentPostprocessing = 0;
		};
		85915BD71C6EBAD200216861 /* Resources */ = {
			isa = PBXResourcesBuildPhase;
			buildActionMask = 2147483647;
			files = (
				85915BE61C6EBAD200216861 /* LaunchScreen.storyboard in Resources */,
				85915BE31C6EBAD200216861 /* Assets.xcassets in Resources */,
				85915BE11C6EBAD200216861 /* Main.storyboard in Resources */,
			);
			runOnlyForDeploymentPostprocessing = 0;
		};
		85915BEA1C6EBAD200216861 /* Resources */ = {
			isa = PBXResourcesBuildPhase;
			buildActionMask = 2147483647;
			files = (
			);
			runOnlyForDeploymentPostprocessing = 0;
		};
/* End PBXResourcesBuildPhase section */

/* Begin PBXShellScriptBuildPhase section */
		218D1E88981D70BFB7689334 /* Copy Pods Resources */ = {
			isa = PBXShellScriptBuildPhase;
			buildActionMask = 2147483647;
			files = (
			);
			inputPaths = (
			);
			name = "Copy Pods Resources";
			outputPaths = (
			);
			runOnlyForDeploymentPostprocessing = 0;
			shellPath = /bin/sh;
			shellScript = "\"${SRCROOT}/Pods/Target Support Files/Pods-TestApp/Pods-TestApp-resources.sh\"\n";
			showEnvVarsInLog = 0;
		};
		4FF67152E590BAB30B3CD6DF /* Copy Pods Resources */ = {
			isa = PBXShellScriptBuildPhase;
			buildActionMask = 2147483647;
			files = (
			);
			inputPaths = (
			);
			name = "Copy Pods Resources";
			outputPaths = (
			);
			runOnlyForDeploymentPostprocessing = 0;
			shellPath = /bin/sh;
			shellScript = "\"${SRCROOT}/Pods/Target Support Files/Pods-InterceptorTests/Pods-InterceptorTests-resources.sh\"\n";
			showEnvVarsInLog = 0;
		};
		5DBEF75E20DA888F0D9CF6C0 /* Copy Pods Resources */ = {
			isa = PBXShellScriptBuildPhase;
			buildActionMask = 2147483647;
			files = (
			);
			inputPaths = (
			);
			name = "Copy Pods Resources";
			outputPaths = (
			);
			runOnlyForDeploymentPostprocessing = 0;
			shellPath = /bin/sh;
			shellScript = "\"${SRCROOT}/Pods/Target Support Files/Pods-TestAppTests/Pods-TestAppTests-resources.sh\"\n";
			showEnvVarsInLog = 0;
		};
		669CC670741F8966349738A7 /* Check Pods Manifest.lock */ = {
			isa = PBXShellScriptBuildPhase;
			buildActionMask = 2147483647;
			files = (
			);
			inputPaths = (
			);
			name = "Check Pods Manifest.lock";
			outputPaths = (
			);
			runOnlyForDeploymentPostprocessing = 0;
			shellPath = /bin/sh;
			shellScript = "diff \"${PODS_ROOT}/../Podfile.lock\" \"${PODS_ROOT}/Manifest.lock\" > /dev/null\nif [[ $? != 0 ]] ; then\n    cat << EOM\nerror: The sandbox is not in sync with the Podfile.lock. Run 'pod install' or update your CocoaPods installation.\nEOM\n    exit 1\nfi\n";
			showEnvVarsInLog = 0;
		};
		6920B4F80CBC97D43E10490B /* Embed Pods Frameworks */ = {
			isa = PBXShellScriptBuildPhase;
			buildActionMask = 2147483647;
			files = (
			);
			inputPaths = (
			);
			name = "Embed Pods Frameworks";
			outputPaths = (
			);
			runOnlyForDeploymentPostprocessing = 0;
			shellPath = /bin/sh;
			shellScript = "\"${SRCROOT}/Pods/Target Support Files/Pods-InterceptorTests/Pods-InterceptorTests-frameworks.sh\"\n";
			showEnvVarsInLog = 0;
		};
		729BC77C2168DE0363FAAA1C /* Embed Pods Frameworks */ = {
			isa = PBXShellScriptBuildPhase;
			buildActionMask = 2147483647;
			files = (
			);
			inputPaths = (
			);
			name = "Embed Pods Frameworks";
			outputPaths = (
			);
			runOnlyForDeploymentPostprocessing = 0;
			shellPath = /bin/sh;
			shellScript = "\"${SRCROOT}/Pods/Target Support Files/Pods-TestApp/Pods-TestApp-frameworks.sh\"\n";
			showEnvVarsInLog = 0;
		};
		A3DB9E0FC588A59B9E27E109 /* Embed Pods Frameworks */ = {
			isa = PBXShellScriptBuildPhase;
			buildActionMask = 2147483647;
			files = (
			);
			inputPaths = (
			);
			name = "Embed Pods Frameworks";
			outputPaths = (
			);
			runOnlyForDeploymentPostprocessing = 0;
			shellPath = /bin/sh;
			shellScript = "\"${SRCROOT}/Pods/Target Support Files/Pods-TestAppTests/Pods-TestAppTests-frameworks.sh\"\n";
			showEnvVarsInLog = 0;
		};
		F281257164E5C72ECA96BD15 /* Check Pods Manifest.lock */ = {
			isa = PBXShellScriptBuildPhase;
			buildActionMask = 2147483647;
			files = (
			);
			inputPaths = (
			);
			name = "Check Pods Manifest.lock";
			outputPaths = (
			);
			runOnlyForDeploymentPostprocessing = 0;
			shellPath = /bin/sh;
			shellScript = "diff \"${PODS_ROOT}/../Podfile.lock\" \"${PODS_ROOT}/Manifest.lock\" > /dev/null\nif [[ $? != 0 ]] ; then\n    cat << EOM\nerror: The sandbox is not in sync with the Podfile.lock. Run 'pod install' or update your CocoaPods installation.\nEOM\n    exit 1\nfi\n";
			showEnvVarsInLog = 0;
		};
		FB367690C9B12F4EEB09F263 /* Check Pods Manifest.lock */ = {
			isa = PBXShellScriptBuildPhase;
			buildActionMask = 2147483647;
			files = (
			);
			inputPaths = (
			);
			name = "Check Pods Manifest.lock";
			outputPaths = (
			);
			runOnlyForDeploymentPostprocessing = 0;
			shellPath = /bin/sh;
			shellScript = "diff \"${PODS_ROOT}/../Podfile.lock\" \"${PODS_ROOT}/Manifest.lock\" > /dev/null\nif [[ $? != 0 ]] ; then\n    cat << EOM\nerror: The sandbox is not in sync with the Podfile.lock. Run 'pod install' or update your CocoaPods installation.\nEOM\n    exit 1\nfi\n";
			showEnvVarsInLog = 0;
		};
/* End PBXShellScriptBuildPhase section */

/* Begin PBXSourcesBuildPhase section */
		85915BB61C6EBAAE00216861 /* Sources */ = {
			isa = PBXSourcesBuildPhase;
			buildActionMask = 2147483647;
			files = (
				85D294B21C71AC8B0002B48A /* MockResponseValues.swift in Sources */,
				85D294B31C71AC8F0002B48A /* NSURLSession+Swizzling.m in Sources */,
				85D294B11C71AC870002B48A /* InterceptorSession.swift in Sources */,
			);
			runOnlyForDeploymentPostprocessing = 0;
		};
		85915BC11C6EBAAE00216861 /* Sources */ = {
			isa = PBXSourcesBuildPhase;
			buildActionMask = 2147483647;
			files = (
				85915BCB1C6EBAAE00216861 /* InterceptorTests.swift in Sources */,
			);
			runOnlyForDeploymentPostprocessing = 0;
		};
		85915BD51C6EBAD200216861 /* Sources */ = {
			isa = PBXSourcesBuildPhase;
			buildActionMask = 2147483647;
			files = (
				85915BFA1C6EBB7D00216861 /* NetworkModel.swift in Sources */,
				85915BDE1C6EBAD200216861 /* ViewController.swift in Sources */,
				85915BDC1C6EBAD200216861 /* AppDelegate.swift in Sources */,
			);
			runOnlyForDeploymentPostprocessing = 0;
		};
		85915BE81C6EBAD200216861 /* Sources */ = {
			isa = PBXSourcesBuildPhase;
			buildActionMask = 2147483647;
			files = (
				850353531C6EBE860081657F /* TestAppSpec.swift in Sources */,
			);
			runOnlyForDeploymentPostprocessing = 0;
		};
/* End PBXSourcesBuildPhase section */

/* Begin PBXTargetDependency section */
		850353561C6EBFD20081657F /* PBXTargetDependency */ = {
			isa = PBXTargetDependency;
			target = 85915BBA1C6EBAAE00216861 /* Interceptor */;
			targetProxy = 850353551C6EBFD20081657F /* PBXContainerItemProxy */;
		};
		85915BC81C6EBAAE00216861 /* PBXTargetDependency */ = {
			isa = PBXTargetDependency;
			target = 85915BBA1C6EBAAE00216861 /* Interceptor */;
			targetProxy = 85915BC71C6EBAAE00216861 /* PBXContainerItemProxy */;
		};
		85915BEE1C6EBAD200216861 /* PBXTargetDependency */ = {
			isa = PBXTargetDependency;
			target = 85915BD81C6EBAD200216861 /* TestApp */;
			targetProxy = 85915BED1C6EBAD200216861 /* PBXContainerItemProxy */;
		};
/* End PBXTargetDependency section */

/* Begin PBXVariantGroup section */
		85915BDF1C6EBAD200216861 /* Main.storyboard */ = {
			isa = PBXVariantGroup;
			children = (
				85915BE01C6EBAD200216861 /* Base */,
			);
			name = Main.storyboard;
			sourceTree = "<group>";
		};
		85915BE41C6EBAD200216861 /* LaunchScreen.storyboard */ = {
			isa = PBXVariantGroup;
			children = (
				85915BE51C6EBAD200216861 /* Base */,
			);
			name = LaunchScreen.storyboard;
			sourceTree = "<group>";
		};
/* End PBXVariantGroup section */

/* Begin XCBuildConfiguration section */
		85915BCD1C6EBAAE00216861 /* Debug */ = {
			isa = XCBuildConfiguration;
			buildSettings = {
				ALWAYS_SEARCH_USER_PATHS = NO;
				CLANG_CXX_LANGUAGE_STANDARD = "gnu++0x";
				CLANG_CXX_LIBRARY = "libc++";
				CLANG_ENABLE_MODULES = YES;
				CLANG_ENABLE_OBJC_ARC = YES;
				CLANG_WARN_BOOL_CONVERSION = YES;
				CLANG_WARN_CONSTANT_CONVERSION = YES;
				CLANG_WARN_DIRECT_OBJC_ISA_USAGE = YES_ERROR;
				CLANG_WARN_EMPTY_BODY = YES;
				CLANG_WARN_ENUM_CONVERSION = YES;
				CLANG_WARN_INT_CONVERSION = YES;
				CLANG_WARN_OBJC_ROOT_CLASS = YES_ERROR;
				CLANG_WARN_UNREACHABLE_CODE = YES;
				CLANG_WARN__DUPLICATE_METHOD_MATCH = YES;
				"CODE_SIGN_IDENTITY[sdk=iphoneos*]" = "iPhone Developer";
				COPY_PHASE_STRIP = NO;
				CURRENT_PROJECT_VERSION = 1;
				DEBUG_INFORMATION_FORMAT = dwarf;
				ENABLE_STRICT_OBJC_MSGSEND = YES;
				ENABLE_TESTABILITY = YES;
				GCC_C_LANGUAGE_STANDARD = gnu99;
				GCC_DYNAMIC_NO_PIC = NO;
				GCC_NO_COMMON_BLOCKS = YES;
				GCC_OPTIMIZATION_LEVEL = 0;
				GCC_PREPROCESSOR_DEFINITIONS = (
					"DEBUG=1",
					"$(inherited)",
				);
				GCC_WARN_64_TO_32_BIT_CONVERSION = YES;
				GCC_WARN_ABOUT_RETURN_TYPE = YES_ERROR;
				GCC_WARN_UNDECLARED_SELECTOR = YES;
				GCC_WARN_UNINITIALIZED_AUTOS = YES_AGGRESSIVE;
				GCC_WARN_UNUSED_FUNCTION = YES;
				GCC_WARN_UNUSED_VARIABLE = YES;
				IPHONEOS_DEPLOYMENT_TARGET = 9.2;
				MTL_ENABLE_DEBUG_INFO = YES;
				ONLY_ACTIVE_ARCH = YES;
				SDKROOT = iphoneos;
				SWIFT_OPTIMIZATION_LEVEL = "-Onone";
				TARGETED_DEVICE_FAMILY = "1,2";
				VERSIONING_SYSTEM = "apple-generic";
				VERSION_INFO_PREFIX = "";
			};
			name = Debug;
		};
		85915BCE1C6EBAAE00216861 /* Release */ = {
			isa = XCBuildConfiguration;
			buildSettings = {
				ALWAYS_SEARCH_USER_PATHS = NO;
				CLANG_CXX_LANGUAGE_STANDARD = "gnu++0x";
				CLANG_CXX_LIBRARY = "libc++";
				CLANG_ENABLE_MODULES = YES;
				CLANG_ENABLE_OBJC_ARC = YES;
				CLANG_WARN_BOOL_CONVERSION = YES;
				CLANG_WARN_CONSTANT_CONVERSION = YES;
				CLANG_WARN_DIRECT_OBJC_ISA_USAGE = YES_ERROR;
				CLANG_WARN_EMPTY_BODY = YES;
				CLANG_WARN_ENUM_CONVERSION = YES;
				CLANG_WARN_INT_CONVERSION = YES;
				CLANG_WARN_OBJC_ROOT_CLASS = YES_ERROR;
				CLANG_WARN_UNREACHABLE_CODE = YES;
				CLANG_WARN__DUPLICATE_METHOD_MATCH = YES;
				"CODE_SIGN_IDENTITY[sdk=iphoneos*]" = "iPhone Developer";
				COPY_PHASE_STRIP = NO;
				CURRENT_PROJECT_VERSION = 1;
				DEBUG_INFORMATION_FORMAT = "dwarf-with-dsym";
				ENABLE_NS_ASSERTIONS = NO;
				ENABLE_STRICT_OBJC_MSGSEND = YES;
				GCC_C_LANGUAGE_STANDARD = gnu99;
				GCC_NO_COMMON_BLOCKS = YES;
				GCC_WARN_64_TO_32_BIT_CONVERSION = YES;
				GCC_WARN_ABOUT_RETURN_TYPE = YES_ERROR;
				GCC_WARN_UNDECLARED_SELECTOR = YES;
				GCC_WARN_UNINITIALIZED_AUTOS = YES_AGGRESSIVE;
				GCC_WARN_UNUSED_FUNCTION = YES;
				GCC_WARN_UNUSED_VARIABLE = YES;
				IPHONEOS_DEPLOYMENT_TARGET = 9.2;
				MTL_ENABLE_DEBUG_INFO = NO;
				SDKROOT = iphoneos;
				TARGETED_DEVICE_FAMILY = "1,2";
				VALIDATE_PRODUCT = YES;
				VERSIONING_SYSTEM = "apple-generic";
				VERSION_INFO_PREFIX = "";
			};
			name = Release;
		};
		85915BD01C6EBAAE00216861 /* Debug */ = {
			isa = XCBuildConfiguration;
			buildSettings = {
				CLANG_ENABLE_MODULES = YES;
				DEFINES_MODULE = YES;
				DYLIB_COMPATIBILITY_VERSION = 1;
				DYLIB_CURRENT_VERSION = 1;
				DYLIB_INSTALL_NAME_BASE = "@rpath";
				INFOPLIST_FILE = Interceptor/Info.plist;
				INSTALL_PATH = "$(LOCAL_LIBRARY_DIR)/Frameworks";
				LD_RUNPATH_SEARCH_PATHS = "$(inherited) @executable_path/Frameworks @loader_path/Frameworks";
				PRODUCT_BUNDLE_IDENTIFIER = com.magicappfactory.MockURLSession;
				PRODUCT_NAME = Interceptor;
				SKIP_INSTALL = YES;
				SWIFT_OPTIMIZATION_LEVEL = "-Onone";
			};
			name = Debug;
		};
		85915BD11C6EBAAE00216861 /* Release */ = {
			isa = XCBuildConfiguration;
			buildSettings = {
				CLANG_ENABLE_MODULES = YES;
				DEFINES_MODULE = YES;
				DYLIB_COMPATIBILITY_VERSION = 1;
				DYLIB_CURRENT_VERSION = 1;
				DYLIB_INSTALL_NAME_BASE = "@rpath";
				INFOPLIST_FILE = Interceptor/Info.plist;
				INSTALL_PATH = "$(LOCAL_LIBRARY_DIR)/Frameworks";
				LD_RUNPATH_SEARCH_PATHS = "$(inherited) @executable_path/Frameworks @loader_path/Frameworks";
				PRODUCT_BUNDLE_IDENTIFIER = com.magicappfactory.MockURLSession;
				PRODUCT_NAME = Interceptor;
				SKIP_INSTALL = YES;
			};
			name = Release;
		};
		85915BD31C6EBAAE00216861 /* Debug */ = {
			isa = XCBuildConfiguration;
			baseConfigurationReference = 11095B92EF14F8FBD195C29D /* Pods-InterceptorTests.debug.xcconfig */;
			buildSettings = {
				INFOPLIST_FILE = MockURLSessionTests/Info.plist;
				LD_RUNPATH_SEARCH_PATHS = "$(inherited) @executable_path/Frameworks @loader_path/Frameworks";
				PRODUCT_BUNDLE_IDENTIFIER = com.magicappfactory.MockURLSessionTests;
				PRODUCT_NAME = Interceptor;
			};
			name = Debug;
		};
		85915BD41C6EBAAE00216861 /* Release */ = {
			isa = XCBuildConfiguration;
			baseConfigurationReference = 5B1B2D3174E135788FFE1EC5 /* Pods-InterceptorTests.release.xcconfig */;
			buildSettings = {
				INFOPLIST_FILE = MockURLSessionTests/Info.plist;
				LD_RUNPATH_SEARCH_PATHS = "$(inherited) @executable_path/Frameworks @loader_path/Frameworks";
				PRODUCT_BUNDLE_IDENTIFIER = com.magicappfactory.MockURLSessionTests;
				PRODUCT_NAME = Interceptor;
			};
			name = Release;
		};
		85915BF41C6EBAD200216861 /* Debug */ = {
			isa = XCBuildConfiguration;
			baseConfigurationReference = 8299EEA7DBE3C771D997687D /* Pods-TestApp.debug.xcconfig */;
			buildSettings = {
				ASSETCATALOG_COMPILER_APPICON_NAME = AppIcon;
				INFOPLIST_FILE = TestApp/Info.plist;
				LD_RUNPATH_SEARCH_PATHS = "$(inherited) @executable_path/Frameworks";
				PRODUCT_BUNDLE_IDENTIFIER = com.magicappfactory.TestApp;
				PRODUCT_NAME = "$(TARGET_NAME)";
			};
			name = Debug;
		};
		85915BF51C6EBAD200216861 /* Release */ = {
			isa = XCBuildConfiguration;
			baseConfigurationReference = 9F25351F39EABB7049ADECCE /* Pods-TestApp.release.xcconfig */;
			buildSettings = {
				ASSETCATALOG_COMPILER_APPICON_NAME = AppIcon;
				INFOPLIST_FILE = TestApp/Info.plist;
				LD_RUNPATH_SEARCH_PATHS = "$(inherited) @executable_path/Frameworks";
				PRODUCT_BUNDLE_IDENTIFIER = com.magicappfactory.TestApp;
				PRODUCT_NAME = "$(TARGET_NAME)";
			};
			name = Release;
		};
		85915BF71C6EBAD200216861 /* Debug */ = {
			isa = XCBuildConfiguration;
			baseConfigurationReference = 66D7E8CC9E4F2D6478BC2F8F /* Pods-TestAppTests.debug.xcconfig */;
			buildSettings = {
				BUNDLE_LOADER = "$(TEST_HOST)";
				CLANG_ENABLE_MODULES = YES;
				INFOPLIST_FILE = TestAppTests/Info.plist;
				LD_RUNPATH_SEARCH_PATHS = "$(inherited) @executable_path/Frameworks @loader_path/Frameworks";
				PRODUCT_BUNDLE_IDENTIFIER = com.magicappfactory.TestAppTests;
				PRODUCT_NAME = "$(TARGET_NAME)";
				SWIFT_OPTIMIZATION_LEVEL = "-Onone";
				TEST_HOST = "$(BUILT_PRODUCTS_DIR)/TestApp.app/TestApp";
			};
			name = Debug;
		};
		85915BF81C6EBAD200216861 /* Release */ = {
			isa = XCBuildConfiguration;
			baseConfigurationReference = 20489F54F5375A251D32D57D /* Pods-TestAppTests.release.xcconfig */;
			buildSettings = {
				BUNDLE_LOADER = "$(TEST_HOST)";
				CLANG_ENABLE_MODULES = YES;
				INFOPLIST_FILE = TestAppTests/Info.plist;
				LD_RUNPATH_SEARCH_PATHS = "$(inherited) @executable_path/Frameworks @loader_path/Frameworks";
				PRODUCT_BUNDLE_IDENTIFIER = com.magicappfactory.TestAppTests;
				PRODUCT_NAME = "$(TARGET_NAME)";
				TEST_HOST = "$(BUILT_PRODUCTS_DIR)/TestApp.app/TestApp";
			};
			name = Release;
		};
/* End XCBuildConfiguration section */

/* Begin XCConfigurationList section */
		85915BB51C6EBAAE00216861 /* Build configuration list for PBXProject "Interceptor" */ = {
			isa = XCConfigurationList;
			buildConfigurations = (
				85915BCD1C6EBAAE00216861 /* Debug */,
				85915BCE1C6EBAAE00216861 /* Release */,
			);
			defaultConfigurationIsVisible = 0;
			defaultConfigurationName = Release;
		};
		85915BCF1C6EBAAE00216861 /* Build configuration list for PBXNativeTarget "Interceptor" */ = {
			isa = XCConfigurationList;
			buildConfigurations = (
				85915BD01C6EBAAE00216861 /* Debug */,
				85915BD11C6EBAAE00216861 /* Release */,
			);
			defaultConfigurationIsVisible = 0;
			defaultConfigurationName = Release;
		};
		85915BD21C6EBAAE00216861 /* Build configuration list for PBXNativeTarget "InterceptorTests" */ = {
			isa = XCConfigurationList;
			buildConfigurations = (
				85915BD31C6EBAAE00216861 /* Debug */,
				85915BD41C6EBAAE00216861 /* Release */,
			);
			defaultConfigurationIsVisible = 0;
			defaultConfigurationName = Release;
		};
		85915BF31C6EBAD200216861 /* Build configuration list for PBXNativeTarget "TestApp" */ = {
			isa = XCConfigurationList;
			buildConfigurations = (
				85915BF41C6EBAD200216861 /* Debug */,
				85915BF51C6EBAD200216861 /* Release */,
			);
			defaultConfigurationIsVisible = 0;
			defaultConfigurationName = Release;
		};
		85915BF61C6EBAD200216861 /* Build configuration list for PBXNativeTarget "TestAppTests" */ = {
			isa = XCConfigurationList;
			buildConfigurations = (
				85915BF71C6EBAD200216861 /* Debug */,
				85915BF81C6EBAD200216861 /* Release */,
			);
			defaultConfigurationIsVisible = 0;
			defaultConfigurationName = Release;
		};
/* End XCConfigurationList section */
	};
	rootObject = 85915BB21C6EBAAE00216861 /* Project object */;
}
